{
  "name": "clauster-e2e-tooling",
  "version": "0.0.0",
  "lockfileVersion": 3,
  "requires": true,
  "packages": {
    "": {
      "name": "clauster-e2e-tooling",
      "version": "0.0.0",
      "license": "Apache-2.0",
      "dependencies": {
        "agent-browser": "0.27.1"
      }
    },
    "node_modules/agent-browser": {
      "version": "0.27.1",
      "resolved": "https://registry.npmjs.org/agent-browser/-/agent-browser-0.27.1.tgz",
      "integrity": "sha512-lLzpWDV7nlVsA5km7yMCH1wppvnLLNx160hLwLdDUkCst9x38UhhxoiTmmJ2qreOnCa/Hp4/Gm6Adkahhtb6Hg==",
      "hasInstallScript": true,
      "license": "Apache-2.0",
      "bin": {
        "agent-browser": "bin/agent-browser.js"
      },
      "engines": {
        "node": ">=24.0.0",
        "pnpm": ">=11.0.0"
      }
    }
  }
}
